// !$*UTF8*$!
{
	archiveVersion = 1;
	classes = {
	};
	objectVersion = 46;
	objects = {

/* Begin PBXBuildFile section */
		1825106519C6A9B300C9CF46 /* DRNRealTimeBlurView.m in Sources */ = {isa = PBXBuildFile; fileRef = 1825106219C6A9B300C9CF46 /* DRNRealTimeBlurView.m */; };
		1825106619C6A9B300C9CF46 /* UIImage+BoxBlur.m in Sources */ = {isa = PBXBuildFile; fileRef = 1825106419C6A9B300C9CF46 /* UIImage+BoxBlur.m */; };
		182963C719C7BE4600A3EE54 /* ASPopUpView.m in Sources */ = {isa = PBXBuildFile; fileRef = 182963C419C7BE4600A3EE54 /* ASPopUpView.m */; };
		182963C819C7BE4600A3EE54 /* ASProgressPopUpView.m in Sources */ = {isa = PBXBuildFile; fileRef = 182963C619C7BE4600A3EE54 /* ASProgressPopUpView.m */; };
		18701CAD19C7299A00AB9714 /* ShareViewController.m in Sources */ = {isa = PBXBuildFile; fileRef = 18701CAC19C7299A00AB9714 /* ShareViewController.m */; };
		18B7CCDD19C1E57800DF9553 /* Foundation.framework in Frameworks */ = {isa = PBXBuildFile; fileRef = 18B7CCDC19C1E57800DF9553 /* Foundation.framework */; };
		18B7CCDF19C1E57800DF9553 /* CoreGraphics.framework in Frameworks */ = {isa = PBXBuildFile; fileRef = 18B7CCDE19C1E57800DF9553 /* CoreGraphics.framework */; };
		18B7CCE119C1E57800DF9553 /* UIKit.framework in Frameworks */ = {isa = PBXBuildFile; fileRef = 18B7CCE019C1E57800DF9553 /* UIKit.framework */; };
		18B7CCE719C1E57800DF9553 /* InfoPlist.strings in Resources */ = {isa = PBXBuildFile; fileRef = 18B7CCE519C1E57800DF9553 /* InfoPlist.strings */; };
		18B7CCE919C1E57800DF9553 /* main.m in Sources */ = {isa = PBXBuildFile; fileRef = 18B7CCE819C1E57800DF9553 /* main.m */; };
		18B7CCED19C1E57800DF9553 /* AppDelegate.m in Sources */ = {isa = PBXBuildFile; fileRef = 18B7CCEC19C1E57800DF9553 /* AppDelegate.m */; };
		18B7CCF019C1E57800DF9553 /* Main.storyboard in Resources */ = {isa = PBXBuildFile; fileRef = 18B7CCEE19C1E57800DF9553 /* Main.storyboard */; };
		18B7CCF319C1E57800DF9553 /* ViewController.m in Sources */ = {isa = PBXBuildFile; fileRef = 18B7CCF219C1E57800DF9553 /* ViewController.m */; };
		18B7CCF519C1E57800DF9553 /* Images.xcassets in Resources */ = {isa = PBXBuildFile; fileRef = 18B7CCF419C1E57800DF9553 /* Images.xcassets */; };
		18B7CCFC19C1E57800DF9553 /* XCTest.framework in Frameworks */ = {isa = PBXBuildFile; fileRef = 18B7CCFB19C1E57800DF9553 /* XCTest.framework */; };
		18B7CCFD19C1E57800DF9553 /* Foundation.framework in Frameworks */ = {isa = PBXBuildFile; fileRef = 18B7CCDC19C1E57800DF9553 /* Foundation.framework */; };
		18B7CCFE19C1E57800DF9553 /* UIKit.framework in Frameworks */ = {isa = PBXBuildFile; fileRef = 18B7CCE019C1E57800DF9553 /* UIKit.framework */; };
		18B7CD0619C1E57800DF9553 /* InfoPlist.strings in Resources */ = {isa = PBXBuildFile; fileRef = 18B7CD0419C1E57800DF9553 /* InfoPlist.strings */; };
		18B7CD0819C1E57800DF9553 /* In20YearsUiTests.m in Sources */ = {isa = PBXBuildFile; fileRef = 18B7CD0719C1E57800DF9553 /* In20YearsUiTests.m */; };
		18B7CD1519C1E76F00DF9553 /* CommonBaseViewController.m in Sources */ = {isa = PBXBuildFile; fileRef = 18B7CD1419C1E76F00DF9553 /* CommonBaseViewController.m */; };
		18BC8DC919C56BF200AF15B4 /* ProcessViewController.m in Sources */ = {isa = PBXBuildFile; fileRef = 18BC8DC819C56BF200AF15B4 /* ProcessViewController.m */; };
		18BC8DD819C5854E00AF15B4 /* UIButton+Common.m in Sources */ = {isa = PBXBuildFile; fileRef = 18BC8DD519C5854D00AF15B4 /* UIButton+Common.m */; };
		18BC8DD919C5854E00AF15B4 /* UIView+CustomAutoLayout.m in Sources */ = {isa = PBXBuildFile; fileRef = 18BC8DD719C5854D00AF15B4 /* UIView+CustomAutoLayout.m */; };
		18BC8DDC19C5875100AF15B4 /* UIColor+MLPFlatColors.m in Sources */ = {isa = PBXBuildFile; fileRef = 18BC8DDB19C5875100AF15B4 /* UIColor+MLPFlatColors.m */; };
		18BC8DE119C5880E00AF15B4 /* IOSDeviceConfig.m in Sources */ = {isa = PBXBuildFile; fileRef = 18BC8DDF19C5880E00AF15B4 /* IOSDeviceConfig.m */; };
		18BC8DE519C5886200AF15B4 /* Singleton.m in Sources */ = {isa = PBXBuildFile; fileRef = 18BC8DE419C5886200AF15B4 /* Singleton.m */; };
		18BC8DE919C59A4000AF15B4 /* LXActivity.m in Sources */ = {isa = PBXBuildFile; fileRef = 18BC8DE819C59A4000AF15B4 /* LXActivity.m */; };
		18BC8E3219C59BA000AF15B4 /* icon.png in Resources */ = {isa = PBXBuildFile; fileRef = 18BC8DEB19C59BA000AF15B4 /* icon.png */; };
		18BC8E3319C59BA000AF15B4 /* sns_icon_1.png in Resources */ = {isa = PBXBuildFile; fileRef = 18BC8DEC19C59BA000AF15B4 /* sns_icon_1.png */; };
		18BC8E3419C59BA000AF15B4 /* sns_icon_1@2x.png in Resources */ = {isa = PBXBuildFile; fileRef = 18BC8DED19C59BA000AF15B4 /* sns_icon_1@2x.png */; };
		18BC8E3519C59BA000AF15B4 /* sns_icon_2.png in Resources */ = {isa = PBXBuildFile; fileRef = 18BC8DEE19C59BA000AF15B4 /* sns_icon_2.png */; };
		18BC8E3619C59BA000AF15B4 /* sns_icon_2@2x.png in Resources */ = {isa = PBXBuildFile; fileRef = 18BC8DEF19C59BA000AF15B4 /* sns_icon_2@2x.png */; };
		18BC8E3719C59BA000AF15B4 /* sns_icon_3.png in Resources */ = {isa = PBXBuildFile; fileRef = 18BC8DF019C59BA000AF15B4 /* sns_icon_3.png */; };
		18BC8E3819C59BA000AF15B4 /* sns_icon_3@2x.png in Resources */ = {isa = PBXBuildFile; fileRef = 18BC8DF119C59BA000AF15B4 /* sns_icon_3@2x.png */; };
		18BC8E3919C59BA000AF15B4 /* sns_icon_4.png in Resources */ = {isa = PBXBuildFile; fileRef = 18BC8DF219C59BA000AF15B4 /* sns_icon_4.png */; };
		18BC8E3A19C59BA000AF15B4 /* sns_icon_4@2x.png in Resources */ = {isa = PBXBuildFile; fileRef = 18BC8DF319C59BA000AF15B4 /* sns_icon_4@2x.png */; };
		18BC8E3B19C59BA000AF15B4 /* sns_icon_5.png in Resources */ = {isa = PBXBuildFile; fileRef = 18BC8DF419C59BA000AF15B4 /* sns_icon_5.png */; };
		18BC8E3C19C59BA000AF15B4 /* sns_icon_5@2x.png in Resources */ = {isa = PBXBuildFile; fileRef = 18BC8DF519C59BA000AF15B4 /* sns_icon_5@2x.png */; };
		18BC8E3D19C59BA000AF15B4 /* sns_icon_6.png in Resources */ = {isa = PBXBuildFile; fileRef = 18BC8DF619C59BA000AF15B4 /* sns_icon_6.png */; };
		18BC8E3E19C59BA000AF15B4 /* sns_icon_6@2x.png in Resources */ = {isa = PBXBuildFile; fileRef = 18BC8DF719C59BA000AF15B4 /* sns_icon_6@2x.png */; };
		18BC8E3F19C59BA000AF15B4 /* sns_icon_7.png in Resources */ = {isa = PBXBuildFile; fileRef = 18BC8DF819C59BA000AF15B4 /* sns_icon_7.png */; };
		18BC8E4019C59BA000AF15B4 /* sns_icon_7@2x.png in Resources */ = {isa = PBXBuildFile; fileRef = 18BC8DF919C59BA000AF15B4 /* sns_icon_7@2x.png */; };
		18BC8E4119C59BA000AF15B4 /* sns_icon_8.png in Resources */ = {isa = PBXBuildFile; fileRef = 18BC8DFA19C59BA000AF15B4 /* sns_icon_8.png */; };
		18BC8E4219C59BA000AF15B4 /* sns_icon_8@2x.png in Resources */ = {isa = PBXBuildFile; fileRef = 18BC8DFB19C59BA000AF15B4 /* sns_icon_8@2x.png */; };
		18BC8E4319C59BA000AF15B4 /* sns_icon_9.png in Resources */ = {isa = PBXBuildFile; fileRef = 18BC8DFC19C59BA000AF15B4 /* sns_icon_9.png */; };
		18BC8E4419C59BA000AF15B4 /* sns_icon_9@2x.png in Resources */ = {isa = PBXBuildFile; fileRef = 18BC8DFD19C59BA000AF15B4 /* sns_icon_9@2x.png */; };
		18BC8E4519C59BA000AF15B4 /* sns_icon_10.png in Resources */ = {isa = PBXBuildFile; fileRef = 18BC8DFE19C59BA000AF15B4 /* sns_icon_10.png */; };
		18BC8E4619C59BA000AF15B4 /* sns_icon_10@2x.png in Resources */ = {isa = PBXBuildFile; fileRef = 18BC8DFF19C59BA000AF15B4 /* sns_icon_10@2x.png */; };
		18BC8E4719C59BA000AF15B4 /* sns_icon_11.png in Resources */ = {isa = PBXBuildFile; fileRef = 18BC8E0019C59BA000AF15B4 /* sns_icon_11.png */; };
		18BC8E4819C59BA000AF15B4 /* sns_icon_11@2x.png in Resources */ = {isa = PBXBuildFile; fileRef = 18BC8E0119C59BA000AF15B4 /* sns_icon_11@2x.png */; };
		18BC8E4919C59BA000AF15B4 /* sns_icon_12.png in Resources */ = {isa = PBXBuildFile; fileRef = 18BC8E0219C59BA000AF15B4 /* sns_icon_12.png */; };
		18BC8E4A19C59BA000AF15B4 /* sns_icon_12@2x.png in Resources */ = {isa = PBXBuildFile; fileRef = 18BC8E0319C59BA000AF15B4 /* sns_icon_12@2x.png */; };
		18BC8E4B19C59BA000AF15B4 /* sns_icon_13.png in Resources */ = {isa = PBXBuildFile; fileRef = 18BC8E0419C59BA000AF15B4 /* sns_icon_13.png */; };
		18BC8E4C19C59BA000AF15B4 /* sns_icon_13@2x.png in Resources */ = {isa = PBXBuildFile; fileRef = 18BC8E0519C59BA000AF15B4 /* sns_icon_13@2x.png */; };
		18BC8E4D19C59BA000AF15B4 /* sns_icon_14.png in Resources */ = {isa = PBXBuildFile; fileRef = 18BC8E0619C59BA000AF15B4 /* sns_icon_14.png */; };
		18BC8E4E19C59BA000AF15B4 /* sns_icon_14@2x.png in Resources */ = {isa = PBXBuildFile; fileRef = 18BC8E0719C59BA000AF15B4 /* sns_icon_14@2x.png */; };
		18BC8E4F19C59BA000AF15B4 /* sns_icon_15.png in Resources */ = {isa = PBXBuildFile; fileRef = 18BC8E0819C59BA000AF15B4 /* sns_icon_15.png */; };
		18BC8E5019C59BA000AF15B4 /* sns_icon_15@2x.png in Resources */ = {isa = PBXBuildFile; fileRef = 18BC8E0919C59BA000AF15B4 /* sns_icon_15@2x.png */; };
		18BC8E5119C59BA000AF15B4 /* sns_icon_16.png in Resources */ = {isa = PBXBuildFile; fileRef = 18BC8E0A19C59BA000AF15B4 /* sns_icon_16.png */; };
		18BC8E5219C59BA000AF15B4 /* sns_icon_16@2x.png in Resources */ = {isa = PBXBuildFile; fileRef = 18BC8E0B19C59BA000AF15B4 /* sns_icon_16@2x.png */; };
		18BC8E5319C59BA000AF15B4 /* sns_icon_17.png in Resources */ = {isa = PBXBuildFile; fileRef = 18BC8E0C19C59BA000AF15B4 /* sns_icon_17.png */; };
		18BC8E5419C59BA000AF15B4 /* sns_icon_17@2x.png in Resources */ = {isa = PBXBuildFile; fileRef = 18BC8E0D19C59BA000AF15B4 /* sns_icon_17@2x.png */; };
		18BC8E5519C59BA000AF15B4 /* sns_icon_18.png in Resources */ = {isa = PBXBuildFile; fileRef = 18BC8E0E19C59BA000AF15B4 /* sns_icon_18.png */; };
		18BC8E5619C59BA000AF15B4 /* sns_icon_18@2x.png in Resources */ = {isa = PBXBuildFile; fileRef = 18BC8E0F19C59BA000AF15B4 /* sns_icon_18@2x.png */; };
		18BC8E5719C59BA000AF15B4 /* sns_icon_19.png in Resources */ = {isa = PBXBuildFile; fileRef = 18BC8E1019C59BA000AF15B4 /* sns_icon_19.png */; };
		18BC8E5819C59BA000AF15B4 /* sns_icon_19@2x.png in Resources */ = {isa = PBXBuildFile; fileRef = 18BC8E1119C59BA000AF15B4 /* sns_icon_19@2x.png */; };
		18BC8E5919C59BA000AF15B4 /* sns_icon_20.png in Resources */ = {isa = PBXBuildFile; fileRef = 18BC8E1219C59BA000AF15B4 /* sns_icon_20.png */; };
		18BC8E5A19C59BA000AF15B4 /* sns_icon_20@2x.png in Resources */ = {isa = PBXBuildFile; fileRef = 18BC8E1319C59BA000AF15B4 /* sns_icon_20@2x.png */; };
		18BC8E5B19C59BA000AF15B4 /* sns_icon_21.png in Resources */ = {isa = PBXBuildFile; fileRef = 18BC8E1419C59BA000AF15B4 /* sns_icon_21.png */; };
		18BC8E5C19C59BA000AF15B4 /* sns_icon_21@2x.png in Resources */ = {isa = PBXBuildFile; fileRef = 18BC8E1519C59BA000AF15B4 /* sns_icon_21@2x.png */; };
		18BC8E5D19C59BA000AF15B4 /* sns_icon_22.png in Resources */ = {isa = PBXBuildFile; fileRef = 18BC8E1619C59BA000AF15B4 /* sns_icon_22.png */; };
		18BC8E5E19C59BA000AF15B4 /* sns_icon_22@2x.png in Resources */ = {isa = PBXBuildFile; fileRef = 18BC8E1719C59BA000AF15B4 /* sns_icon_22@2x.png */; };
		18BC8E5F19C59BA000AF15B4 /* sns_icon_23.png in Resources */ = {isa = PBXBuildFile; fileRef = 18BC8E1819C59BA000AF15B4 /* sns_icon_23.png */; };
		18BC8E6019C59BA000AF15B4 /* sns_icon_23@2x.png in Resources */ = {isa = PBXBuildFile; fileRef = 18BC8E1919C59BA000AF15B4 /* sns_icon_23@2x.png */; };
		18BC8E6119C59BA000AF15B4 /* sns_icon_24.png in Resources */ = {isa = PBXBuildFile; fileRef = 18BC8E1A19C59BA000AF15B4 /* sns_icon_24.png */; };
		18BC8E6219C59BA000AF15B4 /* sns_icon_24@2x.png in Resources */ = {isa = PBXBuildFile; fileRef = 18BC8E1B19C59BA000AF15B4 /* sns_icon_24@2x.png */; };
		18BC8E6319C59BA000AF15B4 /* sns_icon_25.png in Resources */ = {isa = PBXBuildFile; fileRef = 18BC8E1C19C59BA000AF15B4 /* sns_icon_25.png */; };
		18BC8E6419C59BA000AF15B4 /* sns_icon_25@2x.png in Resources */ = {isa = PBXBuildFile; fileRef = 18BC8E1D19C59BA000AF15B4 /* sns_icon_25@2x.png */; };
		18BC8E6519C59BA000AF15B4 /* sns_icon_26.png in Resources */ = {isa = PBXBuildFile; fileRef = 18BC8E1E19C59BA000AF15B4 /* sns_icon_26.png */; };
		18BC8E6619C59BA000AF15B4 /* sns_icon_26@2x.png in Resources */ = {isa = PBXBuildFile; fileRef = 18BC8E1F19C59BA000AF15B4 /* sns_icon_26@2x.png */; };
		18BC8E6719C59BA000AF15B4 /* sns_icon_27.png in Resources */ = {isa = PBXBuildFile; fileRef = 18BC8E2019C59BA000AF15B4 /* sns_icon_27.png */; };
		18BC8E6819C59BA000AF15B4 /* sns_icon_27@2x.png in Resources */ = {isa = PBXBuildFile; fileRef = 18BC8E2119C59BA000AF15B4 /* sns_icon_27@2x.png */; };
		18BC8E6919C59BA000AF15B4 /* sns_icon_28.png in Resources */ = {isa = PBXBuildFile; fileRef = 18BC8E2219C59BA000AF15B4 /* sns_icon_28.png */; };
		18BC8E6A19C59BA000AF15B4 /* sns_icon_28@2x.png in Resources */ = {isa = PBXBuildFile; fileRef = 18BC8E2319C59BA000AF15B4 /* sns_icon_28@2x.png */; };
		18BC8E6B19C59BA000AF15B4 /* sns_icon_30.png in Resources */ = {isa = PBXBuildFile; fileRef = 18BC8E2419C59BA000AF15B4 /* sns_icon_30.png */; };
		18BC8E6C19C59BA000AF15B4 /* sns_icon_30@2x.png in Resources */ = {isa = PBXBuildFile; fileRef = 18BC8E2519C59BA000AF15B4 /* sns_icon_30@2x.png */; };
		18BC8E6D19C59BA000AF15B4 /* sns_icon_34.png in Resources */ = {isa = PBXBuildFile; fileRef = 18BC8E2619C59BA000AF15B4 /* sns_icon_34.png */; };
		18BC8E6E19C59BA000AF15B4 /* sns_icon_34@2x.png in Resources */ = {isa = PBXBuildFile; fileRef = 18BC8E2719C59BA000AF15B4 /* sns_icon_34@2x.png */; };
		18BC8E6F19C59BA000AF15B4 /* sns_icon_35.png in Resources */ = {isa = PBXBuildFile; fileRef = 18BC8E2819C59BA000AF15B4 /* sns_icon_35.png */; };
		18BC8E7019C59BA000AF15B4 /* sns_icon_35@2x.png in Resources */ = {isa = PBXBuildFile; fileRef = 18BC8E2919C59BA000AF15B4 /* sns_icon_35@2x.png */; };
		18BC8E7119C59BA000AF15B4 /* sns_icon_36.png in Resources */ = {isa = PBXBuildFile; fileRef = 18BC8E2A19C59BA000AF15B4 /* sns_icon_36.png */; };
		18BC8E7219C59BA000AF15B4 /* sns_icon_36@2x.png in Resources */ = {isa = PBXBuildFile; fileRef = 18BC8E2B19C59BA000AF15B4 /* sns_icon_36@2x.png */; };
		18BC8E7319C59BA000AF15B4 /* sns_icon_37.png in Resources */ = {isa = PBXBuildFile; fileRef = 18BC8E2C19C59BA000AF15B4 /* sns_icon_37.png */; };
		18BC8E7419C59BA000AF15B4 /* sns_icon_37@2x.png in Resources */ = {isa = PBXBuildFile; fileRef = 18BC8E2D19C59BA000AF15B4 /* sns_icon_37@2x.png */; };
		18BC8E7519C59BA000AF15B4 /* sns_icon_38.png in Resources */ = {isa = PBXBuildFile; fileRef = 18BC8E2E19C59BA000AF15B4 /* sns_icon_38.png */; };
		18BC8E7619C59BA000AF15B4 /* sns_icon_38@2x.png in Resources */ = {isa = PBXBuildFile; fileRef = 18BC8E2F19C59BA000AF15B4 /* sns_icon_38@2x.png */; };
		18BC8E7719C59BA000AF15B4 /* sns_icon_39.png in Resources */ = {isa = PBXBuildFile; fileRef = 18BC8E3019C59BA000AF15B4 /* sns_icon_39.png */; };
		18BC8E7819C59BA000AF15B4 /* sns_icon_39@2x.png in Resources */ = {isa = PBXBuildFile; fileRef = 18BC8E3119C59BA000AF15B4 /* sns_icon_39@2x.png */; };
/* End PBXBuildFile section */

/* Begin PBXContainerItemProxy section */
		18B7CCFF19C1E57800DF9553 /* PBXContainerItemProxy */ = {
			isa = PBXContainerItemProxy;
			containerPortal = 18B7CCD119C1E57800DF9553 /* Project object */;
			proxyType = 1;
			remoteGlobalIDString = 18B7CCD819C1E57800DF9553;
			remoteInfo = In20YearsUi;
		};
/* End PBXContainerItemProxy section */

/* Begin PBXFileReference section */
		1825106119C6A9B300C9CF46 /* DRNRealTimeBlurView.h */ = {isa = PBXFileReference; fileEncoding = 4; lastKnownFileType = sourcecode.c.h; path = DRNRealTimeBlurView.h; sourceTree = "<group>"; };
		1825106219C6A9B300C9CF46 /* DRNRealTimeBlurView.m */ = {isa = PBXFileReference; fileEncoding = 4; lastKnownFileType = sourcecode.c.objc; path = DRNRealTimeBlurView.m; sourceTree = "<group>"; };
		1825106319C6A9B300C9CF46 /* UIImage+BoxBlur.h */ = {isa = PBXFileReference; fileEncoding = 4; lastKnownFileType = sourcecode.c.h; path = "UIImage+BoxBlur.h"; sourceTree = "<group>"; };
		1825106419C6A9B300C9CF46 /* UIImage+BoxBlur.m */ = {isa = PBXFileReference; fileEncoding = 4; lastKnownFileType = sourcecode.c.objc; path = "UIImage+BoxBlur.m"; sourceTree = "<group>"; };
		182963C319C7BE4600A3EE54 /* ASPopUpView.h */ = {isa = PBXFileReference; fileEncoding = 4; lastKnownFileType = sourcecode.c.h; path = ASPopUpView.h; sourceTree = "<group>"; };
		182963C419C7BE4600A3EE54 /* ASPopUpView.m */ = {isa = PBXFileReference; fileEncoding = 4; lastKnownFileType = sourcecode.c.objc; path = ASPopUpView.m; sourceTree = "<group>"; };
		182963C519C7BE4600A3EE54 /* ASProgressPopUpView.h */ = {isa = PBXFileReference; fileEncoding = 4; lastKnownFileType = sourcecode.c.h; path = ASProgressPopUpView.h; sourceTree = "<group>"; };
		182963C619C7BE4600A3EE54 /* ASProgressPopUpView.m */ = {isa = PBXFileReference; fileEncoding = 4; lastKnownFileType = sourcecode.c.objc; path = ASProgressPopUpView.m; sourceTree = "<group>"; };
		18701CAB19C7299A00AB9714 /* ShareViewController.h */ = {isa = PBXFileReference; fileEncoding = 4; lastKnownFileType = sourcecode.c.h; name = ShareViewController.h; path = In20YearsUI/ShareViewController.h; sourceTree = SOURCE_ROOT; };
		18701CAC19C7299A00AB9714 /* ShareViewController.m */ = {isa = PBXFileReference; fileEncoding = 4; lastKnownFileType = sourcecode.c.objc; name = ShareViewController.m; path = In20YearsUI/ShareViewController.m; sourceTree = SOURCE_ROOT; };
		18B7CCD919C1E57800DF9553 /* In20YearsUi.app */ = {isa = PBXFileReference; explicitFileType = wrapper.application; includeInIndex = 0; path = In20YearsUi.app; sourceTree = BUILT_PRODUCTS_DIR; };
		18B7CCDC19C1E57800DF9553 /* Foundation.framework */ = {isa = PBXFileReference; lastKnownFileType = wrapper.framework; name = Foundation.framework; path = System/Library/Frameworks/Foundation.framework; sourceTree = SDKROOT; };
		18B7CCDE19C1E57800DF9553 /* CoreGraphics.framework */ = {isa = PBXFileReference; lastKnownFileType = wrapper.framework; name = CoreGraphics.framework; path = System/Library/Frameworks/CoreGraphics.framework; sourceTree = SDKROOT; };
		18B7CCE019C1E57800DF9553 /* UIKit.framework */ = {isa = PBXFileReference; lastKnownFileType = wrapper.framework; name = UIKit.framework; path = System/Library/Frameworks/UIKit.framework; sourceTree = SDKROOT; };
		18B7CCE419C1E57800DF9553 /* In20YearsUi-Info.plist */ = {isa = PBXFileReference; lastKnownFileType = text.plist.xml; path = "In20YearsUi-Info.plist"; sourceTree = "<group>"; };
		18B7CCE619C1E57800DF9553 /* en */ = {isa = PBXFileReference; lastKnownFileType = text.plist.strings; name = en; path = en.lproj/InfoPlist.strings; sourceTree = "<group>"; };
		18B7CCE819C1E57800DF9553 /* main.m */ = {isa = PBXFileReference; lastKnownFileType = sourcecode.c.objc; path = main.m; sourceTree = "<group>"; };
		18B7CCEA19C1E57800DF9553 /* In20YearsUi-Prefix.pch */ = {isa = PBXFileReference; lastKnownFileType = sourcecode.c.h; path = "In20YearsUi-Prefix.pch"; sourceTree = "<group>"; };
		18B7CCEB19C1E57800DF9553 /* AppDelegate.h */ = {isa = PBXFileReference; lastKnownFileType = sourcecode.c.h; path = AppDelegate.h; sourceTree = "<group>"; };
		18B7CCEC19C1E57800DF9553 /* AppDelegate.m */ = {isa = PBXFileReference; lastKnownFileType = sourcecode.c.objc; path = AppDelegate.m; sourceTree = "<group>"; };
		18B7CCEF19C1E57800DF9553 /* Base */ = {isa = PBXFileReference; lastKnownFileType = file.storyboard; name = Base; path = Base.lproj/Main.storyboard; sourceTree = "<group>"; };
		18B7CCF119C1E57800DF9553 /* ViewController.h */ = {isa = PBXFileReference; lastKnownFileType = sourcecode.c.h; path = ViewController.h; sourceTree = "<group>"; };
		18B7CCF219C1E57800DF9553 /* ViewController.m */ = {isa = PBXFileReference; lastKnownFileType = sourcecode.c.objc; path = ViewController.m; sourceTree = "<group>"; };
		18B7CCF419C1E57800DF9553 /* Images.xcassets */ = {isa = PBXFileReference; lastKnownFileType = folder.assetcatalog; path = Images.xcassets; sourceTree = "<group>"; };
		18B7CCFA19C1E57800DF9553 /* In20YearsUiTests.xctest */ = {isa = PBXFileReference; explicitFileType = wrapper.cfbundle; includeInIndex = 0; path = In20YearsUiTests.xctest; sourceTree = BUILT_PRODUCTS_DIR; };
		18B7CCFB19C1E57800DF9553 /* XCTest.framework */ = {isa = PBXFileReference; lastKnownFileType = wrapper.framework; name = XCTest.framework; path = Library/Frameworks/XCTest.framework; sourceTree = DEVELOPER_DIR; };
		18B7CD0319C1E57800DF9553 /* In20YearsUiTests-Info.plist */ = {isa = PBXFileReference; lastKnownFileType = text.plist.xml; path = "In20YearsUiTests-Info.plist"; sourceTree = "<group>"; };
		18B7CD0519C1E57800DF9553 /* en */ = {isa = PBXFileReference; lastKnownFileType = text.plist.strings; name = en; path = en.lproj/InfoPlist.strings; sourceTree = "<group>"; };
		18B7CD0719C1E57800DF9553 /* In20YearsUiTests.m */ = {isa = PBXFileReference; lastKnownFileType = sourcecode.c.objc; path = In20YearsUiTests.m; sourceTree = "<group>"; };
		18B7CD1219C1E68700DF9553 /* Global.h */ = {isa = PBXFileReference; fileEncoding = 4; lastKnownFileType = sourcecode.c.h; path = Global.h; sourceTree = "<group>"; };
		18B7CD1319C1E76F00DF9553 /* CommonBaseViewController.h */ = {isa = PBXFileReference; fileEncoding = 4; lastKnownFileType = sourcecode.c.h; path = CommonBaseViewController.h; sourceTree = "<group>"; };
		18B7CD1419C1E76F00DF9553 /* CommonBaseViewController.m */ = {isa = PBXFileReference; fileEncoding = 4; lastKnownFileType = sourcecode.c.objc; path = CommonBaseViewController.m; sourceTree = "<group>"; };
		18BC8DC719C56BF200AF15B4 /* ProcessViewController.h */ = {isa = PBXFileReference; fileEncoding = 4; lastKnownFileType = sourcecode.c.h; path = ProcessViewController.h; sourceTree = "<group>"; };
		18BC8DC819C56BF200AF15B4 /* ProcessViewController.m */ = {isa = PBXFileReference; fileEncoding = 4; lastKnownFileType = sourcecode.c.objc; path = ProcessViewController.m; sourceTree = "<group>"; };
		18BC8DD419C5854D00AF15B4 /* UIButton+Common.h */ = {isa = PBXFileReference; fileEncoding = 4; lastKnownFileType = sourcecode.c.h; path = "UIButton+Common.h"; sourceTree = "<group>"; };
		18BC8DD519C5854D00AF15B4 /* UIButton+Common.m */ = {isa = PBXFileReference; fileEncoding = 4; lastKnownFileType = sourcecode.c.objc; path = "UIButton+Common.m"; sourceTree = "<group>"; };
		18BC8DD619C5854D00AF15B4 /* UIView+CustomAutoLayout.h */ = {isa = PBXFileReference; fileEncoding = 4; lastKnownFileType = sourcecode.c.h; path = "UIView+CustomAutoLayout.h"; sourceTree = "<group>"; };
		18BC8DD719C5854D00AF15B4 /* UIView+CustomAutoLayout.m */ = {isa = PBXFileReference; fileEncoding = 4; lastKnownFileType = sourcecode.c.objc; path = "UIView+CustomAutoLayout.m"; sourceTree = "<group>"; };
		18BC8DDA19C5875100AF15B4 /* UIColor+MLPFlatColors.h */ = {isa = PBXFileReference; fileEncoding = 4; lastKnownFileType = sourcecode.c.h; path = "UIColor+MLPFlatColors.h"; sourceTree = "<group>"; };
		18BC8DDB19C5875100AF15B4 /* UIColor+MLPFlatColors.m */ = {isa = PBXFileReference; fileEncoding = 4; lastKnownFileType = sourcecode.c.objc; path = "UIColor+MLPFlatColors.m"; sourceTree = "<group>"; };
		18BC8DDE19C5880E00AF15B4 /* IOSDeviceConfig.h */ = {isa = PBXFileReference; fileEncoding = 4; lastKnownFileType = sourcecode.c.h; path = IOSDeviceConfig.h; sourceTree = "<group>"; };
		18BC8DDF19C5880E00AF15B4 /* IOSDeviceConfig.m */ = {isa = PBXFileReference; fileEncoding = 4; lastKnownFileType = sourcecode.c.objc; path = IOSDeviceConfig.m; sourceTree = "<group>"; };
		18BC8DE019C5880E00AF15B4 /* IOSDeviceMacro.h */ = {isa = PBXFileReference; fileEncoding = 4; lastKnownFileType = sourcecode.c.h; path = IOSDeviceMacro.h; sourceTree = "<group>"; };
		18BC8DE319C5886200AF15B4 /* Singleton.h */ = {isa = PBXFileReference; fileEncoding = 4; lastKnownFileType = sourcecode.c.h; path = Singleton.h; sourceTree = "<group>"; };
		18BC8DE419C5886200AF15B4 /* Singleton.m */ = {isa = PBXFileReference; fileEncoding = 4; lastKnownFileType = sourcecode.c.objc; path = Singleton.m; sourceTree = "<group>"; };
		18BC8DE719C59A4000AF15B4 /* LXActivity.h */ = {isa = PBXFileReference; fileEncoding = 4; lastKnownFileType = sourcecode.c.h; path = LXActivity.h; sourceTree = "<group>"; };
		18BC8DE819C59A4000AF15B4 /* LXActivity.m */ = {isa = PBXFileReference; fileEncoding = 4; lastKnownFileType = sourcecode.c.objc; path = LXActivity.m; sourceTree = "<group>"; };
		18BC8DEB19C59BA000AF15B4 /* icon.png */ = {isa = PBXFileReference; lastKnownFileType = image.png; path = icon.png; sourceTree = "<group>"; };
		18BC8DEC19C59BA000AF15B4 /* sns_icon_1.png */ = {isa = PBXFileReference; lastKnownFileType = image.png; path = sns_icon_1.png; sourceTree = "<group>"; };
		18BC8DED19C59BA000AF15B4 /* sns_icon_1@2x.png */ = {isa = PBXFileReference; lastKnownFileType = image.png; path = "sns_icon_1@2x.png"; sourceTree = "<group>"; };
		18BC8DEE19C59BA000AF15B4 /* sns_icon_2.png */ = {isa = PBXFileReference; lastKnownFileType = image.png; path = sns_icon_2.png; sourceTree = "<group>"; };
		18BC8DEF19C59BA000AF15B4 /* sns_icon_2@2x.png */ = {isa = PBXFileReference; lastKnownFileType = image.png; path = "sns_icon_2@2x.png"; sourceTree = "<group>"; };
		18BC8DF019C59BA000AF15B4 /* sns_icon_3.png */ = {isa = PBXFileReference; lastKnownFileType = image.png; path = sns_icon_3.png; sourceTree = "<group>"; };
		18BC8DF119C59BA000AF15B4 /* sns_icon_3@2x.png */ = {isa = PBXFileReference; lastKnownFileType = image.png; path = "sns_icon_3@2x.png"; sourceTree = "<group>"; };
		18BC8DF219C59BA000AF15B4 /* sns_icon_4.png */ = {isa = PBXFileReference; lastKnownFileType = image.png; path = sns_icon_4.png; sourceTree = "<group>"; };
		18BC8DF319C59BA000AF15B4 /* sns_icon_4@2x.png */ = {isa = PBXFileReference; lastKnownFileType = image.png; path = "sns_icon_4@2x.png"; sourceTree = "<group>"; };
		18BC8DF419C59BA000AF15B4 /* sns_icon_5.png */ = {isa = PBXFileReference; lastKnownFileType = image.png; path = sns_icon_5.png; sourceTree = "<group>"; };
		18BC8DF519C59BA000AF15B4 /* sns_icon_5@2x.png */ = {isa = PBXFileReference; lastKnownFileType = image.png; path = "sns_icon_5@2x.png"; sourceTree = "<group>"; };
		18BC8DF619C59BA000AF15B4 /* sns_icon_6.png */ = {isa = PBXFileReference; lastKnownFileType = image.png; path = sns_icon_6.png; sourceTree = "<group>"; };
		18BC8DF719C59BA000AF15B4 /* sns_icon_6@2x.png */ = {isa = PBXFileReference; lastKnownFileType = image.png; path = "sns_icon_6@2x.png"; sourceTree = "<group>"; };
		18BC8DF819C59BA000AF15B4 /* sns_icon_7.png */ = {isa = PBXFileReference; lastKnownFileType = image.png; path = sns_icon_7.png; sourceTree = "<group>"; };
		18BC8DF919C59BA000AF15B4 /* sns_icon_7@2x.png */ = {isa = PBXFileReference; lastKnownFileType = image.png; path = "sns_icon_7@2x.png"; sourceTree = "<group>"; };
		18BC8DFA19C59BA000AF15B4 /* sns_icon_8.png */ = {isa = PBXFileReference; lastKnownFileType = image.png; path = sns_icon_8.png; sourceTree = "<group>"; };
		18BC8DFB19C59BA000AF15B4 /* sns_icon_8@2x.png */ = {isa = PBXFileReference; lastKnownFileType = image.png; path = "sns_icon_8@2x.png"; sourceTree = "<group>"; };
		18BC8DFC19C59BA000AF15B4 /* sns_icon_9.png */ = {isa = PBXFileReference; lastKnownFileType = image.png; path = sns_icon_9.png; sourceTree = "<group>"; };
		18BC8DFD19C59BA000AF15B4 /* sns_icon_9@2x.png */ = {isa = PBXFileReference; lastKnownFileType = image.png; path = "sns_icon_9@2x.png"; sourceTree = "<group>"; };
		18BC8DFE19C59BA000AF15B4 /* sns_icon_10.png */ = {isa = PBXFileReference; lastKnownFileType = image.png; path = sns_icon_10.png; sourceTree = "<group>"; };
		18BC8DFF19C59BA000AF15B4 /* sns_icon_10@2x.png */ = {isa = PBXFileReference; lastKnownFileType = image.png; path = "sns_icon_10@2x.png"; sourceTree = "<group>"; };
		18BC8E0019C59BA000AF15B4 /* sns_icon_11.png */ = {isa = PBXFileReference; lastKnownFileType = image.png; path = sns_icon_11.png; sourceTree = "<group>"; };
		18BC8E0119C59BA000AF15B4 /* sns_icon_11@2x.png */ = {isa = PBXFileReference; lastKnownFileType = image.png; path = "sns_icon_11@2x.png"; sourceTree = "<group>"; };
		18BC8E0219C59BA000AF15B4 /* sns_icon_12.png */ = {isa = PBXFileReference; lastKnownFileType = image.png; path = sns_icon_12.png; sourceTree = "<group>"; };
		18BC8E0319C59BA000AF15B4 /* sns_icon_12@2x.png */ = {isa = PBXFileReference; lastKnownFileType = image.png; path = "sns_icon_12@2x.png"; sourceTree = "<group>"; };
		18BC8E0419C59BA000AF15B4 /* sns_icon_13.png */ = {isa = PBXFileReference; lastKnownFileType = image.png; path = sns_icon_13.png; sourceTree = "<group>"; };
		18BC8E0519C59BA000AF15B4 /* sns_icon_13@2x.png */ = {isa = PBXFileReference; lastKnownFileType = image.png; path = "sns_icon_13@2x.png"; sourceTree = "<group>"; };
		18BC8E0619C59BA000AF15B4 /* sns_icon_14.png */ = {isa = PBXFileReference; lastKnownFileType = image.png; path = sns_icon_14.png; sourceTree = "<group>"; };
		18BC8E0719C59BA000AF15B4 /* sns_icon_14@2x.png */ = {isa = PBXFileReference; lastKnownFileType = image.png; path = "sns_icon_14@2x.png"; sourceTree = "<group>"; };
		18BC8E0819C59BA000AF15B4 /* sns_icon_15.png */ = {isa = PBXFileReference; lastKnownFileType = image.png; path = sns_icon_15.png; sourceTree = "<group>"; };
		18BC8E0919C59BA000AF15B4 /* sns_icon_15@2x.png */ = {isa = PBXFileReference; lastKnownFileType = image.png; path = "sns_icon_15@2x.png"; sourceTree = "<group>"; };
		18BC8E0A19C59BA000AF15B4 /* sns_icon_16.png */ = {isa = PBXFileReference; lastKnownFileType = image.png; path = sns_icon_16.png; sourceTree = "<group>"; };
		18BC8E0B19C59BA000AF15B4 /* sns_icon_16@2x.png */ = {isa = PBXFileReference; lastKnownFileType = image.png; path = "sns_icon_16@2x.png"; sourceTree = "<group>"; };
		18BC8E0C19C59BA000AF15B4 /* sns_icon_17.png */ = {isa = PBXFileReference; lastKnownFileType = image.png; path = sns_icon_17.png; sourceTree = "<group>"; };
		18BC8E0D19C59BA000AF15B4 /* sns_icon_17@2x.png */ = {isa = PBXFileReference; lastKnownFileType = image.png; path = "sns_icon_17@2x.png"; sourceTree = "<group>"; };
		18BC8E0E19C59BA000AF15B4 /* sns_icon_18.png */ = {isa = PBXFileReference; lastKnownFileType = image.png; path = sns_icon_18.png; sourceTree = "<group>"; };
		18BC8E0F19C59BA000AF15B4 /* sns_icon_18@2x.png */ = {isa = PBXFileReference; lastKnownFileType = image.png; path = "sns_icon_18@2x.png"; sourceTree = "<group>"; };
		18BC8E1019C59BA000AF15B4 /* sns_icon_19.png */ = {isa = PBXFileReference; lastKnownFileType = image.png; path = sns_icon_19.png; sourceTree = "<group>"; };
		18BC8E1119C59BA000AF15B4 /* sns_icon_19@2x.png */ = {isa = PBXFileReference; lastKnownFileType = image.png; path = "sns_icon_19@2x.png"; sourceTree = "<group>"; };
		18BC8E1219C59BA000AF15B4 /* sns_icon_20.png */ = {isa = PBXFileReference; lastKnownFileType = image.png; path = sns_icon_20.png; sourceTree = "<group>"; };
		18BC8E1319C59BA000AF15B4 /* sns_icon_20@2x.png */ = {isa = PBXFileReference; lastKnownFileType = image.png; path = "sns_icon_20@2x.png"; sourceTree = "<group>"; };
		18BC8E1419C59BA000AF15B4 /* sns_icon_21.png */ = {isa = PBXFileReference; lastKnownFileType = image.png; path = sns_icon_21.png; sourceTree = "<group>"; };
		18BC8E1519C59BA000AF15B4 /* sns_icon_21@2x.png */ = {isa = PBXFileReference; lastKnownFileType = image.png; path = "sns_icon_21@2x.png"; sourceTree = "<group>"; };
		18BC8E1619C59BA000AF15B4 /* sns_icon_22.png */ = {isa = PBXFileReference; lastKnownFileType = image.png; path = sns_icon_22.png; sourceTree = "<group>"; };
		18BC8E1719C59BA000AF15B4 /* sns_icon_22@2x.png */ = {isa = PBXFileReference; lastKnownFileType = image.png; path = "sns_icon_22@2x.png"; sourceTree = "<group>"; };
		18BC8E1819C59BA000AF15B4 /* sns_icon_23.png */ = {isa = PBXFileReference; lastKnownFileType = image.png; path = sns_icon_23.png; sourceTree = "<group>"; };
		18BC8E1919C59BA000AF15B4 /* sns_icon_23@2x.png */ = {isa = PBXFileReference; lastKnownFileType = image.png; path = "sns_icon_23@2x.png"; sourceTree = "<group>"; };
		18BC8E1A19C59BA000AF15B4 /* sns_icon_24.png */ = {isa = PBXFileReference; lastKnownFileType = image.png; path = sns_icon_24.png; sourceTree = "<group>"; };
		18BC8E1B19C59BA000AF15B4 /* sns_icon_24@2x.png */ = {isa = PBXFileReference; lastKnownFileType = image.png; path = "sns_icon_24@2x.png"; sourceTree = "<group>"; };
		18BC8E1C19C59BA000AF15B4 /* sns_icon_25.png */ = {isa = PBXFileReference; lastKnownFileType = image.png; path = sns_icon_25.png; sourceTree = "<group>"; };
		18BC8E1D19C59BA000AF15B4 /* sns_icon_25@2x.png */ = {isa = PBXFileReference; lastKnownFileType = image.png; path = "sns_icon_25@2x.png"; sourceTree = "<group>"; };
		18BC8E1E19C59BA000AF15B4 /* sns_icon_26.png */ = {isa = PBXFileReference; lastKnownFileType = image.png; path = sns_icon_26.png; sourceTree = "<group>"; };
		18BC8E1F19C59BA000AF15B4 /* sns_icon_26@2x.png */ = {isa = PBXFileReference; lastKnownFileType = image.png; path = "sns_icon_26@2x.png"; sourceTree = "<group>"; };
		18BC8E2019C59BA000AF15B4 /* sns_icon_27.png */ = {isa = PBXFileReference; lastKnownFileType = image.png; path = sns_icon_27.png; sourceTree = "<group>"; };
		18BC8E2119C59BA000AF15B4 /* sns_icon_27@2x.png */ = {isa = PBXFileReference; lastKnownFileType = image.png; path = "sns_icon_27@2x.png"; sourceTree = "<group>"; };
		18BC8E2219C59BA000AF15B4 /* sns_icon_28.png */ = {isa = PBXFileReference; lastKnownFileType = image.png; path = sns_icon_28.png; sourceTree = "<group>"; };
		18BC8E2319C59BA000AF15B4 /* sns_icon_28@2x.png */ = {isa = PBXFileReference; lastKnownFileType = image.png; path = "sns_icon_28@2x.png"; sourceTree = "<group>"; };
		18BC8E2419C59BA000AF15B4 /* sns_icon_30.png */ = {isa = PBXFileReference; lastKnownFileType = image.png; path = sns_icon_30.png; sourceTree = "<group>"; };
		18BC8E2519C59BA000AF15B4 /* sns_icon_30@2x.png */ = {isa = PBXFileReference; lastKnownFileType = image.png; path = "sns_icon_30@2x.png"; sourceTree = "<group>"; };
		18BC8E2619C59BA000AF15B4 /* sns_icon_34.png */ = {isa = PBXFileReference; lastKnownFileType = image.png; path = sns_icon_34.png; sourceTree = "<group>"; };
		18BC8E2719C59BA000AF15B4 /* sns_icon_34@2x.png */ = {isa = PBXFileReference; lastKnownFileType = image.png; path = "sns_icon_34@2x.png"; sourceTree = "<group>"; };
		18BC8E2819C59BA000AF15B4 /* sns_icon_35.png */ = {isa = PBXFileReference; lastKnownFileType = image.png; path = sns_icon_35.png; sourceTree = "<group>"; };
		18BC8E2919C59BA000AF15B4 /* sns_icon_35@2x.png */ = {isa = PBXFileReference; lastKnownFileType = image.png; path = "sns_icon_35@2x.png"; sourceTree = "<group>"; };
		18BC8E2A19C59BA000AF15B4 /* sns_icon_36.png */ = {isa = PBXFileReference; lastKnownFileType = image.png; path = sns_icon_36.png; sourceTree = "<group>"; };
		18BC8E2B19C59BA000AF15B4 /* sns_icon_36@2x.png */ = {isa = PBXFileReference; lastKnownFileType = image.png; path = "sns_icon_36@2x.png"; sourceTree = "<group>"; };
		18BC8E2C19C59BA000AF15B4 /* sns_icon_37.png */ = {isa = PBXFileReference; lastKnownFileType = image.png; path = sns_icon_37.png; sourceTree = "<group>"; };
		18BC8E2D19C59BA000AF15B4 /* sns_icon_37@2x.png */ = {isa = PBXFileReference; lastKnownFileType = image.png; path = "sns_icon_37@2x.png"; sourceTree = "<group>"; };
		18BC8E2E19C59BA000AF15B4 /* sns_icon_38.png */ = {isa = PBXFileReference; lastKnownFileType = image.png; path = sns_icon_38.png; sourceTree = "<group>"; };
		18BC8E2F19C59BA000AF15B4 /* sns_icon_38@2x.png */ = {isa = PBXFileReference; lastKnownFileType = image.png; path = "sns_icon_38@2x.png"; sourceTree = "<group>"; };
		18BC8E3019C59BA000AF15B4 /* sns_icon_39.png */ = {isa = PBXFileReference; lastKnownFileType = image.png; path = sns_icon_39.png; sourceTree = "<group>"; };
		18BC8E3119C59BA000AF15B4 /* sns_icon_39@2x.png */ = {isa = PBXFileReference; lastKnownFileType = image.png; path = "sns_icon_39@2x.png"; sourceTree = "<group>"; };
/* End PBXFileReference section */

/* Begin PBXFrameworksBuildPhase section */
		18B7CCD619C1E57800DF9553 /* Frameworks */ = {
			isa = PBXFrameworksBuildPhase;
			buildActionMask = 2147483647;
			files = (
				18B7CCDF19C1E57800DF9553 /* CoreGraphics.framework in Frameworks */,
				18B7CCE119C1E57800DF9553 /* UIKit.framework in Frameworks */,
				18B7CCDD19C1E57800DF9553 /* Foundation.framework in Frameworks */,
			);
			runOnlyForDeploymentPostprocessing = 0;
		};
		18B7CCF719C1E57800DF9553 /* Frameworks */ = {
			isa = PBXFrameworksBuildPhase;
			buildActionMask = 2147483647;
			files = (
				18B7CCFC19C1E57800DF9553 /* XCTest.framework in Frameworks */,
				18B7CCFE19C1E57800DF9553 /* UIKit.framework in Frameworks */,
				18B7CCFD19C1E57800DF9553 /* Foundation.framework in Frameworks */,
			);
			runOnlyForDeploymentPostprocessing = 0;
		};
/* End PBXFrameworksBuildPhase section */

/* Begin PBXGroup section */
		1825106019C6A93500C9CF46 /* DRNRealTimeBlur */ = {
			isa = PBXGroup;
			children = (
				1825106119C6A9B300C9CF46 /* DRNRealTimeBlurView.h */,
				1825106219C6A9B300C9CF46 /* DRNRealTimeBlurView.m */,
				1825106319C6A9B300C9CF46 /* UIImage+BoxBlur.h */,
				1825106419C6A9B300C9CF46 /* UIImage+BoxBlur.m */,
			);
			name = DRNRealTimeBlur;
			sourceTree = "<group>";
		};
		182963C219C7BE2200A3EE54 /* ASProgressPopUpView */ = {
			isa = PBXGroup;
			children = (
				182963C319C7BE4600A3EE54 /* ASPopUpView.h */,
				182963C419C7BE4600A3EE54 /* ASPopUpView.m */,
				182963C519C7BE4600A3EE54 /* ASProgressPopUpView.h */,
				182963C619C7BE4600A3EE54 /* ASProgressPopUpView.m */,
			);
			name = ASProgressPopUpView;
			sourceTree = "<group>";
		};
		18B7CCD019C1E57800DF9553 = {
			isa = PBXGroup;
			children = (
				18B7CCE219C1E57800DF9553 /* In20YearsUi */,
				18B7CD0119C1E57800DF9553 /* In20YearsUiTests */,
				18B7CCDB19C1E57800DF9553 /* Frameworks */,
				18B7CCDA19C1E57800DF9553 /* Products */,
			);
			sourceTree = "<group>";
		};
		18B7CCDA19C1E57800DF9553 /* Products */ = {
			isa = PBXGroup;
			children = (
				18B7CCD919C1E57800DF9553 /* In20YearsUi.app */,
				18B7CCFA19C1E57800DF9553 /* In20YearsUiTests.xctest */,
			);
			name = Products;
			sourceTree = "<group>";
		};
		18B7CCDB19C1E57800DF9553 /* Frameworks */ = {
			isa = PBXGroup;
			children = (
				18B7CCDC19C1E57800DF9553 /* Foundation.framework */,
				18B7CCDE19C1E57800DF9553 /* CoreGraphics.framework */,
				18B7CCE019C1E57800DF9553 /* UIKit.framework */,
				18B7CCFB19C1E57800DF9553 /* XCTest.framework */,
			);
			name = Frameworks;
			sourceTree = "<group>";
		};
		18B7CCE219C1E57800DF9553 /* In20YearsUi */ = {
			isa = PBXGroup;
			children = (
				182963C219C7BE2200A3EE54 /* ASProgressPopUpView */,
				18BC8DEA19C59B8400AF15B4 /* images */,
				18B7CD1119C1E58300DF9553 /* CommonLibrary */,
				18B7CCEB19C1E57800DF9553 /* AppDelegate.h */,
				18B7CCEC19C1E57800DF9553 /* AppDelegate.m */,
				18B7CCEE19C1E57800DF9553 /* Main.storyboard */,
				18B7CCF119C1E57800DF9553 /* ViewController.h */,
				18B7CCF219C1E57800DF9553 /* ViewController.m */,
				18B7CCF419C1E57800DF9553 /* Images.xcassets */,
				18B7CCE319C1E57800DF9553 /* Supporting Files */,
				18BC8DC719C56BF200AF15B4 /* ProcessViewController.h */,
				18BC8DC819C56BF200AF15B4 /* ProcessViewController.m */,
				18701CAB19C7299A00AB9714 /* ShareViewController.h */,
				18701CAC19C7299A00AB9714 /* ShareViewController.m */,
			);
			path = In20YearsUi;
			sourceTree = "<group>";
		};
		18B7CCE319C1E57800DF9553 /* Supporting Files */ = {
			isa = PBXGroup;
			children = (
				18B7CCE419C1E57800DF9553 /* In20YearsUi-Info.plist */,
				18B7CCE519C1E57800DF9553 /* InfoPlist.strings */,
				18B7CCE819C1E57800DF9553 /* main.m */,
				18B7CCEA19C1E57800DF9553 /* In20YearsUi-Prefix.pch */,
			);
			name = "Supporting Files";
			sourceTree = "<group>";
		};
		18B7CD0119C1E57800DF9553 /* In20YearsUiTests */ = {
			isa = PBXGroup;
			children = (
				18B7CD0719C1E57800DF9553 /* In20YearsUiTests.m */,
				18B7CD0219C1E57800DF9553 /* Supporting Files */,
			);
			path = In20YearsUiTests;
			sourceTree = "<group>";
		};
		18B7CD0219C1E57800DF9553 /* Supporting Files */ = {
			isa = PBXGroup;
			children = (
				18B7CD0319C1E57800DF9553 /* In20YearsUiTests-Info.plist */,
				18B7CD0419C1E57800DF9553 /* InfoPlist.strings */,
			);
			name = "Supporting Files";
			sourceTree = "<group>";
		};
		18B7CD1119C1E58300DF9553 /* CommonLibrary */ = {
			isa = PBXGroup;
			children = (
				1825106019C6A93500C9CF46 /* DRNRealTimeBlur */,
				18BC8DE619C59A1100AF15B4 /* LXActivity */,
				18BC8DE219C5884A00AF15B4 /* Singleton */,
				18BC8DDD19C587AF00AF15B4 /* IOSDeviceSetting */,
				18BC8DDA19C5875100AF15B4 /* UIColor+MLPFlatColors.h */,
				18BC8DDB19C5875100AF15B4 /* UIColor+MLPFlatColors.m */,
				18BC8DD419C5854D00AF15B4 /* UIButton+Common.h */,
				18BC8DD519C5854D00AF15B4 /* UIButton+Common.m */,
				18BC8DD619C5854D00AF15B4 /* UIView+CustomAutoLayout.h */,
				18BC8DD719C5854D00AF15B4 /* UIView+CustomAutoLayout.m */,
				18B7CD1219C1E68700DF9553 /* Global.h */,
				18B7CD1319C1E76F00DF9553 /* CommonBaseViewController.h */,
				18B7CD1419C1E76F00DF9553 /* CommonBaseViewController.m */,
			);
			name = CommonLibrary;
			sourceTree = "<group>";
		};
		18BC8DDD19C587AF00AF15B4 /* IOSDeviceSetting */ = {
			isa = PBXGroup;
			children = (
				18BC8DDE19C5880E00AF15B4 /* IOSDeviceConfig.h */,
				18BC8DDF19C5880E00AF15B4 /* IOSDeviceConfig.m */,
				18BC8DE019C5880E00AF15B4 /* IOSDeviceMacro.h */,
			);
			name = IOSDeviceSetting;
			sourceTree = "<group>";
		};
		18BC8DE219C5884A00AF15B4 /* Singleton */ = {
			isa = PBXGroup;
			children = (
				18BC8DE319C5886200AF15B4 /* Singleton.h */,
				18BC8DE419C5886200AF15B4 /* Singleton.m */,
			);
			name = Singleton;
			sourceTree = "<group>";
		};
		18BC8DE619C59A1100AF15B4 /* LXActivity */ = {
			isa = PBXGroup;
			children = (
				18BC8DE719C59A4000AF15B4 /* LXActivity.h */,
				18BC8DE819C59A4000AF15B4 /* LXActivity.m */,
			);
			name = LXActivity;
			sourceTree = "<group>";
		};
		18BC8DEA19C59B8400AF15B4 /* images */ = {
			isa = PBXGroup;
			children = (
				18BC8DEB19C59BA000AF15B4 /* icon.png */,
				18BC8DEC19C59BA000AF15B4 /* sns_icon_1.png */,
				18BC8DED19C59BA000AF15B4 /* sns_icon_1@2x.png */,
				18BC8DEE19C59BA000AF15B4 /* sns_icon_2.png */,
				18BC8DEF19C59BA000AF15B4 /* sns_icon_2@2x.png */,
				18BC8DF019C59BA000AF15B4 /* sns_icon_3.png */,
				18BC8DF119C59BA000AF15B4 /* sns_icon_3@2x.png */,
				18BC8DF219C59BA000AF15B4 /* sns_icon_4.png */,
				18BC8DF319C59BA000AF15B4 /* sns_icon_4@2x.png */,
				18BC8DF419C59BA000AF15B4 /* sns_icon_5.png */,
				18BC8DF519C59BA000AF15B4 /* sns_icon_5@2x.png */,
				18BC8DF619C59BA000AF15B4 /* sns_icon_6.png */,
				18BC8DF719C59BA000AF15B4 /* sns_icon_6@2x.png */,
				18BC8DF819C59BA000AF15B4 /* sns_icon_7.png */,
				18BC8DF919C59BA000AF15B4 /* sns_icon_7@2x.png */,
				18BC8DFA19C59BA000AF15B4 /* sns_icon_8.png */,
				18BC8DFB19C59BA000AF15B4 /* sns_icon_8@2x.png */,
				18BC8DFC19C59BA000AF15B4 /* sns_icon_9.png */,
				18BC8DFD19C59BA000AF15B4 /* sns_icon_9@2x.png */,
				18BC8DFE19C59BA000AF15B4 /* sns_icon_10.png */,
				18BC8DFF19C59BA000AF15B4 /* sns_icon_10@2x.png */,
				18BC8E0019C59BA000AF15B4 /* sns_icon_11.png */,
				18BC8E0119C59BA000AF15B4 /* sns_icon_11@2x.png */,
				18BC8E0219C59BA000AF15B4 /* sns_icon_12.png */,
				18BC8E0319C59BA000AF15B4 /* sns_icon_12@2x.png */,
				18BC8E0419C59BA000AF15B4 /* sns_icon_13.png */,
				18BC8E0519C59BA000AF15B4 /* sns_icon_13@2x.png */,
				18BC8E0619C59BA000AF15B4 /* sns_icon_14.png */,
				18BC8E0719C59BA000AF15B4 /* sns_icon_14@2x.png */,
				18BC8E0819C59BA000AF15B4 /* sns_icon_15.png */,
				18BC8E0919C59BA000AF15B4 /* sns_icon_15@2x.png */,
				18BC8E0A19C59BA000AF15B4 /* sns_icon_16.png */,
				18BC8E0B19C59BA000AF15B4 /* sns_icon_16@2x.png */,
				18BC8E0C19C59BA000AF15B4 /* sns_icon_17.png */,
				18BC8E0D19C59BA000AF15B4 /* sns_icon_17@2x.png */,
				18BC8E0E19C59BA000AF15B4 /* sns_icon_18.png */,
				18BC8E0F19C59BA000AF15B4 /* sns_icon_18@2x.png */,
				18BC8E1019C59BA000AF15B4 /* sns_icon_19.png */,
				18BC8E1119C59BA000AF15B4 /* sns_icon_19@2x.png */,
				18BC8E1219C59BA000AF15B4 /* sns_icon_20.png */,
				18BC8E1319C59BA000AF15B4 /* sns_icon_20@2x.png */,
				18BC8E1419C59BA000AF15B4 /* sns_icon_21.png */,
				18BC8E1519C59BA000AF15B4 /* sns_icon_21@2x.png */,
				18BC8E1619C59BA000AF15B4 /* sns_icon_22.png */,
				18BC8E1719C59BA000AF15B4 /* sns_icon_22@2x.png */,
				18BC8E1819C59BA000AF15B4 /* sns_icon_23.png */,
				18BC8E1919C59BA000AF15B4 /* sns_icon_23@2x.png */,
				18BC8E1A19C59BA000AF15B4 /* sns_icon_24.png */,
				18BC8E1B19C59BA000AF15B4 /* sns_icon_24@2x.png */,
				18BC8E1C19C59BA000AF15B4 /* sns_icon_25.png */,
				18BC8E1D19C59BA000AF15B4 /* sns_icon_25@2x.png */,
				18BC8E1E19C59BA000AF15B4 /* sns_icon_26.png */,
				18BC8E1F19C59BA000AF15B4 /* sns_icon_26@2x.png */,
				18BC8E2019C59BA000AF15B4 /* sns_icon_27.png */,
				18BC8E2119C59BA000AF15B4 /* sns_icon_27@2x.png */,
				18BC8E2219C59BA000AF15B4 /* sns_icon_28.png */,
				18BC8E2319C59BA000AF15B4 /* sns_icon_28@2x.png */,
				18BC8E2419C59BA000AF15B4 /* sns_icon_30.png */,
				18BC8E2519C59BA000AF15B4 /* sns_icon_30@2x.png */,
				18BC8E2619C59BA000AF15B4 /* sns_icon_34.png */,
				18BC8E2719C59BA000AF15B4 /* sns_icon_34@2x.png */,
				18BC8E2819C59BA000AF15B4 /* sns_icon_35.png */,
				18BC8E2919C59BA000AF15B4 /* sns_icon_35@2x.png */,
				18BC8E2A19C59BA000AF15B4 /* sns_icon_36.png */,
				18BC8E2B19C59BA000AF15B4 /* sns_icon_36@2x.png */,
				18BC8E2C19C59BA000AF15B4 /* sns_icon_37.png */,
				18BC8E2D19C59BA000AF15B4 /* sns_icon_37@2x.png */,
				18BC8E2E19C59BA000AF15B4 /* sns_icon_38.png */,
				18BC8E2F19C59BA000AF15B4 /* sns_icon_38@2x.png */,
				18BC8E3019C59BA000AF15B4 /* sns_icon_39.png */,
				18BC8E3119C59BA000AF15B4 /* sns_icon_39@2x.png */,
			);
			name = images;
			sourceTree = "<group>";
		};
/* End PBXGroup section */

/* Begin PBXNativeTarget section */
		18B7CCD819C1E57800DF9553 /* In20YearsUi */ = {
			isa = PBXNativeTarget;
			buildConfigurationList = 18B7CD0B19C1E57800DF9553 /* Build configuration list for PBXNativeTarget "In20YearsUi" */;
			buildPhases = (
				18B7CCD519C1E57800DF9553 /* Sources */,
				18B7CCD619C1E57800DF9553 /* Frameworks */,
				18B7CCD719C1E57800DF9553 /* Resources */,
			);
			buildRules = (
			);
			dependencies = (
			);
			name = In20YearsUi;
			productName = In20YearsUi;
			productReference = 18B7CCD919C1E57800DF9553 /* In20YearsUi.app */;
			productType = "com.apple.product-type.application";
		};
		18B7CCF919C1E57800DF9553 /* In20YearsUiTests */ = {
			isa = PBXNativeTarget;
			buildConfigurationList = 18B7CD0E19C1E57800DF9553 /* Build configuration list for PBXNativeTarget "In20YearsUiTests" */;
			buildPhases = (
				18B7CCF619C1E57800DF9553 /* Sources */,
				18B7CCF719C1E57800DF9553 /* Frameworks */,
				18B7CCF819C1E57800DF9553 /* Resources */,
			);
			buildRules = (
			);
			dependencies = (
				18B7CD0019C1E57800DF9553 /* PBXTargetDependency */,
			);
			name = In20YearsUiTests;
			productName = In20YearsUiTests;
			productReference = 18B7CCFA19C1E57800DF9553 /* In20YearsUiTests.xctest */;
			productType = "com.apple.product-type.bundle.unit-test";
		};
/* End PBXNativeTarget section */

/* Begin PBXProject section */
		18B7CCD119C1E57800DF9553 /* Project object */ = {
			isa = PBXProject;
			attributes = {
				LastUpgradeCheck = 0500;
				ORGANIZATIONNAME = com.teamdongqin;
				TargetAttributes = {
					18B7CCF919C1E57800DF9553 = {
						TestTargetID = 18B7CCD819C1E57800DF9553;
					};
				};
			};
			buildConfigurationList = 18B7CCD419C1E57800DF9553 /* Build configuration list for PBXProject "In20YearsUI" */;
			compatibilityVersion = "Xcode 3.2";
			developmentRegion = English;
			hasScannedForEncodings = 0;
			knownRegions = (
				en,
				Base,
			);
			mainGroup = 18B7CCD019C1E57800DF9553;
			productRefGroup = 18B7CCDA19C1E57800DF9553 /* Products */;
			projectDirPath = "";
			projectRoot = "";
			targets = (
				18B7CCD819C1E57800DF9553 /* In20YearsUi */,
				18B7CCF919C1E57800DF9553 /* In20YearsUiTests */,
			);
		};
/* End PBXProject section */

/* Begin PBXResourcesBuildPhase section */
		18B7CCD719C1E57800DF9553 /* Resources */ = {
			isa = PBXResourcesBuildPhase;
			buildActionMask = 2147483647;
			files = (
				18BC8E4119C59BA000AF15B4 /* sns_icon_8.png in Resources */,
				18BC8E5219C59BA000AF15B4 /* sns_icon_16@2x.png in Resources */,
				18BC8E4219C59BA000AF15B4 /* sns_icon_8@2x.png in Resources */,
				18BC8E4C19C59BA000AF15B4 /* sns_icon_13@2x.png in Resources */,
				18BC8E6B19C59BA000AF15B4 /* sns_icon_30.png in Resources */,
				18BC8E3C19C59BA000AF15B4 /* sns_icon_5@2x.png in Resources */,
				18BC8E4619C59BA000AF15B4 /* sns_icon_10@2x.png in Resources */,
				18BC8E4819C59BA000AF15B4 /* sns_icon_11@2x.png in Resources */,
				18BC8E4A19C59BA000AF15B4 /* sns_icon_12@2x.png in Resources */,
				18BC8E3219C59BA000AF15B4 /* icon.png in Resources */,
				18BC8E5B19C59BA000AF15B4 /* sns_icon_21.png in Resources */,
				18BC8E5919C59BA000AF15B4 /* sns_icon_20.png in Resources */,
				18BC8E7019C59BA000AF15B4 /* sns_icon_35@2x.png in Resources */,
				18BC8E3B19C59BA000AF15B4 /* sns_icon_5.png in Resources */,
				18BC8E6719C59BA000AF15B4 /* sns_icon_27.png in Resources */,
				18BC8E5D19C59BA000AF15B4 /* sns_icon_22.png in Resources */,
				18BC8E6C19C59BA000AF15B4 /* sns_icon_30@2x.png in Resources */,
				18BC8E6019C59BA000AF15B4 /* sns_icon_23@2x.png in Resources */,
				18BC8E6E19C59BA000AF15B4 /* sns_icon_34@2x.png in Resources */,
				18B7CCF519C1E57800DF9553 /* Images.xcassets in Resources */,
				18BC8E5619C59BA000AF15B4 /* sns_icon_18@2x.png in Resources */,
				18BC8E6819C59BA000AF15B4 /* sns_icon_27@2x.png in Resources */,
				18BC8E6219C59BA000AF15B4 /* sns_icon_24@2x.png in Resources */,
				18BC8E6319C59BA000AF15B4 /* sns_icon_25.png in Resources */,
				18BC8E6619C59BA000AF15B4 /* sns_icon_26@2x.png in Resources */,
				18BC8E4019C59BA000AF15B4 /* sns_icon_7@2x.png in Resources */,
				18BC8E3919C59BA000AF15B4 /* sns_icon_4.png in Resources */,
				18BC8E7219C59BA000AF15B4 /* sns_icon_36@2x.png in Resources */,
				18BC8E4519C59BA000AF15B4 /* sns_icon_10.png in Resources */,
				18BC8E7619C59BA000AF15B4 /* sns_icon_38@2x.png in Resources */,
				18BC8E4419C59BA000AF15B4 /* sns_icon_9@2x.png in Resources */,
				18BC8E6D19C59BA000AF15B4 /* sns_icon_34.png in Resources */,
				18BC8E3819C59BA000AF15B4 /* sns_icon_3@2x.png in Resources */,
				18BC8E4E19C59BA000AF15B4 /* sns_icon_14@2x.png in Resources */,
				18BC8E6519C59BA000AF15B4 /* sns_icon_26.png in Resources */,
				18BC8E5119C59BA000AF15B4 /* sns_icon_16.png in Resources */,
				18BC8E7819C59BA000AF15B4 /* sns_icon_39@2x.png in Resources */,
				18BC8E4D19C59BA000AF15B4 /* sns_icon_14.png in Resources */,
				18BC8E5319C59BA000AF15B4 /* sns_icon_17.png in Resources */,
				18BC8E5F19C59BA000AF15B4 /* sns_icon_23.png in Resources */,
				18BC8E3519C59BA000AF15B4 /* sns_icon_2.png in Resources */,
				18BC8E5819C59BA000AF15B4 /* sns_icon_19@2x.png in Resources */,
				18BC8E3D19C59BA000AF15B4 /* sns_icon_6.png in Resources */,
				18BC8E5419C59BA000AF15B4 /* sns_icon_17@2x.png in Resources */,
				18BC8E6119C59BA000AF15B4 /* sns_icon_24.png in Resources */,
				18BC8E3A19C59BA000AF15B4 /* sns_icon_4@2x.png in Resources */,
				18BC8E3619C59BA000AF15B4 /* sns_icon_2@2x.png in Resources */,
				18BC8E4719C59BA000AF15B4 /* sns_icon_11.png in Resources */,
				18BC8E5719C59BA000AF15B4 /* sns_icon_19.png in Resources */,
				18BC8E4B19C59BA000AF15B4 /* sns_icon_13.png in Resources */,
				18BC8E4919C59BA000AF15B4 /* sns_icon_12.png in Resources */,
				18BC8E6419C59BA000AF15B4 /* sns_icon_25@2x.png in Resources */,
				18BC8E5019C59BA000AF15B4 /* sns_icon_15@2x.png in Resources */,
				18BC8E4F19C59BA000AF15B4 /* sns_icon_15.png in Resources */,
				18BC8E3F19C59BA000AF15B4 /* sns_icon_7.png in Resources */,
				18BC8E3719C59BA000AF15B4 /* sns_icon_3.png in Resources */,
				18BC8E6919C59BA000AF15B4 /* sns_icon_28.png in Resources */,
				18BC8E3419C59BA000AF15B4 /* sns_icon_1@2x.png in Resources */,
				18BC8E5519C59BA000AF15B4 /* sns_icon_18.png in Resources */,
				18BC8E4319C59BA000AF15B4 /* sns_icon_9.png in Resources */,
				18BC8E7519C59BA000AF15B4 /* sns_icon_38.png in Resources */,
				18BC8E3319C59BA000AF15B4 /* sns_icon_1.png in Resources */,
				18BC8E5A19C59BA000AF15B4 /* sns_icon_20@2x.png in Resources */,
				18BC8E7319C59BA000AF15B4 /* sns_icon_37.png in Resources */,
				18BC8E7119C59BA000AF15B4 /* sns_icon_36.png in Resources */,
				18B7CCE719C1E57800DF9553 /* InfoPlist.strings in Resources */,
				18B7CCF019C1E57800DF9553 /* Main.storyboard in Resources */,
				18BC8E7719C59BA000AF15B4 /* sns_icon_39.png in Resources */,
				18BC8E6A19C59BA000AF15B4 /* sns_icon_28@2x.png in Resources */,
				18BC8E3E19C59BA000AF15B4 /* sns_icon_6@2x.png in Resources */,
				18BC8E5E19C59BA000AF15B4 /* sns_icon_22@2x.png in Resources */,
				18BC8E6F19C59BA000AF15B4 /* sns_icon_35.png in Resources */,
				18BC8E7419C59BA000AF15B4 /* sns_icon_37@2x.png in Resources */,
				18BC8E5C19C59BA000AF15B4 /* sns_icon_21@2x.png in Resources */,
			);
			runOnlyForDeploymentPostprocessing = 0;
		};
		18B7CCF819C1E57800DF9553 /* Resources */ = {
			isa = PBXResourcesBuildPhase;
			buildActionMask = 2147483647;
			files = (
				18B7CD0619C1E57800DF9553 /* InfoPlist.strings in Resources */,
			);
			runOnlyForDeploymentPostprocessing = 0;
		};
/* End PBXResourcesBuildPhase section */

/* Begin PBXSourcesBuildPhase section */
		18B7CCD519C1E57800DF9553 /* Sources */ = {
			isa = PBXSourcesBuildPhase;
			buildActionMask = 2147483647;
			files = (
				18BC8DE919C59A4000AF15B4 /* LXActivity.m in Sources */,
				18B7CD1519C1E76F00DF9553 /* CommonBaseViewController.m in Sources */,
				18B7CCF319C1E57800DF9553 /* ViewController.m in Sources */,
				18BC8DD819C5854E00AF15B4 /* UIButton+Common.m in Sources */,
				182963C719C7BE4600A3EE54 /* ASPopUpView.m in Sources */,
				18701CAD19C7299A00AB9714 /* ShareViewController.m in Sources */,
				18B7CCED19C1E57800DF9553 /* AppDelegate.m in Sources */,
				18BC8DDC19C5875100AF15B4 /* UIColor+MLPFlatColors.m in Sources */,
				182963C819C7BE4600A3EE54 /* ASProgressPopUpView.m in Sources */,
				18BC8DE119C5880E00AF15B4 /* IOSDeviceConfig.m in Sources */,
				18B7CCE919C1E57800DF9553 /* main.m in Sources */,
				18BC8DD919C5854E00AF15B4 /* UIView+CustomAutoLayout.m in Sources */,
				1825106619C6A9B300C9CF46 /* UIImage+BoxBlur.m in Sources */,
				18BC8DC919C56BF200AF15B4 /* ProcessViewController.m in Sources */,
				18BC8DE519C5886200AF15B4 /* Singleton.m in Sources */,
				1825106519C6A9B300C9CF46 /* DRNRealTimeBlurView.m in Sources */,
			);
			runOnlyForDeploymentPostprocessing = 0;
		};
		18B7CCF619C1E57800DF9553 /* Sources */ = {
			isa = PBXSourcesBuildPhase;
			buildActionMask = 2147483647;
			files = (
				18B7CD0819C1E57800DF9553 /* In20YearsUiTests.m in Sources */,
			);
			runOnlyForDeploymentPostprocessing = 0;
		};
/* End PBXSourcesBuildPhase section */

/* Begin PBXTargetDependency section */
		18B7CD0019C1E57800DF9553 /* PBXTargetDependency */ = {
			isa = PBXTargetDependency;
			target = 18B7CCD819C1E57800DF9553 /* In20YearsUi */;
			targetProxy = 18B7CCFF19C1E57800DF9553 /* PBXContainerItemProxy */;
		};
/* End PBXTargetDependency section */

/* Begin PBXVariantGroup section */
		18B7CCE519C1E57800DF9553 /* InfoPlist.strings */ = {
			isa = PBXVariantGroup;
			children = (
				18B7CCE619C1E57800DF9553 /* en */,
			);
			name = InfoPlist.strings;
			sourceTree = "<group>";
		};
		18B7CCEE19C1E57800DF9553 /* Main.storyboard */ = {
			isa = PBXVariantGroup;
			children = (
				18B7CCEF19C1E57800DF9553 /* Base */,
			);
			name = Main.storyboard;
			sourceTree = "<group>";
		};
		18B7CD0419C1E57800DF9553 /* InfoPlist.strings */ = {
			isa = PBXVariantGroup;
			children = (
				18B7CD0519C1E57800DF9553 /* en */,
			);
			name = InfoPlist.strings;
			sourceTree = "<group>";
		};
/* End PBXVariantGroup section */

/* Begin XCBuildConfiguration section */
		18B7CD0919C1E57800DF9553 /* Debug */ = {
			isa = XCBuildConfiguration;
			buildSettings = {
				ALWAYS_SEARCH_USER_PATHS = NO;
				ARCHS = "$(ARCHS_STANDARD_INCLUDING_64_BIT)";
				CLANG_CXX_LANGUAGE_STANDARD = "gnu++0x";
				CLANG_CXX_LIBRARY = "libc++";
				CLANG_ENABLE_MODULES = YES;
				CLANG_ENABLE_OBJC_ARC = YES;
				CLANG_WARN_BOOL_CONVERSION = YES;
				CLANG_WARN_CONSTANT_CONVERSION = YES;
				CLANG_WARN_DIRECT_OBJC_ISA_USAGE = YES_ERROR;
				CLANG_WARN_EMPTY_BODY = YES;
				CLANG_WARN_ENUM_CONVERSION = YES;
				CLANG_WARN_INT_CONVERSION = YES;
				CLANG_WARN_OBJC_ROOT_CLASS = YES_ERROR;
				CLANG_WARN__DUPLICATE_METHOD_MATCH = YES;
				"CODE_SIGN_IDENTITY[sdk=iphoneos*]" = "iPhone Developer";
				COPY_PHASE_STRIP = NO;
				GCC_C_LANGUAGE_STANDARD = gnu99;
				GCC_DYNAMIC_NO_PIC = NO;
				GCC_OPTIMIZATION_LEVEL = 0;
				GCC_PREPROCESSOR_DEFINITIONS = (
					"DEBUG=1",
					"$(inherited)",
				);
				GCC_SYMBOLS_PRIVATE_EXTERN = NO;
				GCC_WARN_64_TO_32_BIT_CONVERSION = YES;
				GCC_WARN_ABOUT_RETURN_TYPE = YES_ERROR;
				GCC_WARN_UNDECLARED_SELECTOR = YES;
				GCC_WARN_UNINITIALIZED_AUTOS = YES;
				GCC_WARN_UNUSED_FUNCTION = YES;
				GCC_WARN_UNUSED_VARIABLE = YES;
				IPHONEOS_DEPLOYMENT_TARGET = 7.0;
				ONLY_ACTIVE_ARCH = YES;
				SDKROOT = iphoneos;
			};
			name = Debug;
		};
		18B7CD0A19C1E57800DF9553 /* Release */ = {
			isa = XCBuildConfiguration;
			buildSettings = {
				ALWAYS_SEARCH_USER_PATHS = NO;
				ARCHS = "$(ARCHS_STANDARD_INCLUDING_64_BIT)";
				CLANG_CXX_LANGUAGE_STANDARD = "gnu++0x";
				CLANG_CXX_LIBRARY = "libc++";
				CLANG_ENABLE_MODULES = YES;
				CLANG_ENABLE_OBJC_ARC = YES;
				CLANG_WARN_BOOL_CONVERSION = YES;
				CLANG_WARN_CONSTANT_CONVERSION = YES;
				CLANG_WARN_DIRECT_OBJC_ISA_USAGE = YES_ERROR;
				CLANG_WARN_EMPTY_BODY = YES;
				CLANG_WARN_ENUM_CONVERSION = YES;
				CLANG_WARN_INT_CONVERSION = YES;
				CLANG_WARN_OBJC_ROOT_CLASS = YES_ERROR;
				CLANG_WARN__DUPLICATE_METHOD_MATCH = YES;
				"CODE_SIGN_IDENTITY[sdk=iphoneos*]" = "iPhone Developer";
				COPY_PHASE_STRIP = YES;
				ENABLE_NS_ASSERTIONS = NO;
				GCC_C_LANGUAGE_STANDARD = gnu99;
				GCC_WARN_64_TO_32_BIT_CONVERSION = YES;
				GCC_WARN_ABOUT_RETURN_TYPE = YES_ERROR;
				GCC_WARN_UNDECLARED_SELECTOR = YES;
				GCC_WARN_UNINITIALIZED_AUTOS = YES;
				GCC_WARN_UNUSED_FUNCTION = YES;
				GCC_WARN_UNUSED_VARIABLE = YES;
				IPHONEOS_DEPLOYMENT_TARGET = 7.0;
				SDKROOT = iphoneos;
				VALIDATE_PRODUCT = YES;
			};
			name = Release;
		};
		18B7CD0C19C1E57800DF9553 /* Debug */ = {
			isa = XCBuildConfiguration;
			buildSettings = {
				ASSETCATALOG_COMPILER_APPICON_NAME = AppIcon;
				ASSETCATALOG_COMPILER_LAUNCHIMAGE_NAME = LaunchImage;
				GCC_PRECOMPILE_PREFIX_HEADER = YES;
				GCC_PREFIX_HEADER = "In20YearsUi/In20YearsUi-Prefix.pch";
				INFOPLIST_FILE = "In20YearsUi/In20YearsUi-Info.plist";
				PRODUCT_NAME = "$(TARGET_NAME)";
				WRAPPER_EXTENSION = app;
			};
			name = Debug;
		};
		18B7CD0D19C1E57800DF9553 /* Release */ = {
			isa = XCBuildConfiguration;
			buildSettings = {
				ASSETCATALOG_COMPILER_APPICON_NAME = AppIcon;
				ASSETCATALOG_COMPILER_LAUNCHIMAGE_NAME = LaunchImage;
				GCC_PRECOMPILE_PREFIX_HEADER = YES;
				GCC_PREFIX_HEADER = "In20YearsUi/In20YearsUi-Prefix.pch";
				INFOPLIST_FILE = "In20YearsUi/In20YearsUi-Info.plist";
				PRODUCT_NAME = "$(TARGET_NAME)";
				WRAPPER_EXTENSION = app;
			};
			name = Release;
		};
		18B7CD0F19C1E57800DF9553 /* Debug */ = {
			isa = XCBuildConfiguration;
			buildSettings = {
				ARCHS = "$(ARCHS_STANDARD_INCLUDING_64_BIT)";
				BUNDLE_LOADER = "$(BUILT_PRODUCTS_DIR)/In20YearsUi.app/In20YearsUi";
				FRAMEWORK_SEARCH_PATHS = (
					"$(SDKROOT)/Developer/Library/Frameworks",
					"$(inherited)",
					"$(DEVELOPER_FRAMEWORKS_DIR)",
				);
				GCC_PRECOMPILE_PREFIX_HEADER = YES;
				GCC_PREFIX_HEADER = "In20YearsUi/In20YearsUi-Prefix.pch";
				GCC_PREPROCESSOR_DEFINITIONS = (
					"DEBUG=1",
					"$(inherited)",
				);
				INFOPLIST_FILE = "In20YearsUiTests/In20YearsUiTests-Info.plist";
				PRODUCT_NAME = "$(TARGET_NAME)";
				TEST_HOST = "$(BUNDLE_LOADER)";
				WRAPPER_EXTENSION = xctest;
			};
			name = Debug;
		};
		18B7CD1019C1E57800DF9553 /* Release */ = {
			isa = XCBuildConfiguration;
			buildSettings = {
				ARCHS = "$(ARCHS_STANDARD_INCLUDING_64_BIT)";
				BUNDLE_LOADER = "$(BUILT_PRODUCTS_DIR)/In20YearsUi.app/In20YearsUi";
				FRAMEWORK_SEARCH_PATHS = (
					"$(SDKROOT)/Developer/Library/Frameworks",
					"$(inherited)",
					"$(DEVELOPER_FRAMEWORKS_DIR)",
				);
				GCC_PRECOMPILE_PREFIX_HEADER = YES;
				GCC_PREFIX_HEADER = "In20YearsUi/In20YearsUi-Prefix.pch";
				INFOPLIST_FILE = "In20YearsUiTests/In20YearsUiTests-Info.plist";
				PRODUCT_NAME = "$(TARGET_NAME)";
				TEST_HOST = "$(BUNDLE_LOADER)";
				WRAPPER_EXTENSION = xctest;
			};
			name = Release;
		};
/* End XCBuildConfiguration section */

/* Begin XCConfigurationList section */
		18B7CCD419C1E57800DF9553 /* Build configuration list for PBXProject "In20YearsUI" */ = {
			isa = XCConfigurationList;
			buildConfigurations = (
				18B7CD0919C1E57800DF9553 /* Debug */,
				18B7CD0A19C1E57800DF9553 /* Release */,
			);
			defaultConfigurationIsVisible = 0;
			defaultConfigurationName = Release;
		};
		18B7CD0B19C1E57800DF9553 /* Build configuration list for PBXNativeTarget "In20YearsUi" */ = {
			isa = XCConfigurationList;
			buildConfigurations = (
				18B7CD0C19C1E57800DF9553 /* Debug */,
				18B7CD0D19C1E57800DF9553 /* Release */,
			);
			defaultConfigurationIsVisible = 0;
			defaultConfigurationName = Release;
		};
		18B7CD0E19C1E57800DF9553 /* Build configuration list for PBXNativeTarget "In20YearsUiTests" */ = {
			isa = XCConfigurationList;
			buildConfigurations = (
				18B7CD0F19C1E57800DF9553 /* Debug */,
				18B7CD1019C1E57800DF9553 /* Release */,
			);
			defaultConfigurationIsVisible = 0;
			defaultConfigurationName = Release;
		};
/* End XCConfigurationList section */
	};
	rootObject = 18B7CCD119C1E57800DF9553 /* Project object */;
}
